{
  "lockfile_version": "1",
  "packages": {
    "just@latest": {
      "last_modified": "2023-11-19T17:46:56Z",
      "resolved": "github:NixOS/nixpkgs/0bf3f5cf6a98b5d077cdcdb00a6d4b3d92bc78b5#just",
      "source": "devbox-search",
      "version": "1.16.0",
      "systems": {
        "aarch64-darwin": {
          "store_path": "/nix/store/b4gw7iwz4b6s1q9sj6fj85szaiqil5q5-just-1.16.0"
        },
        "aarch64-linux": {
          "store_path": "/nix/store/42c5w05p8clgdji2mq8ggy95xqzn9s87-just-1.16.0"
        },
        "x86_64-darwin": {
          "store_path": "/nix/store/ibhlw2lqnhh0cf3annqwc0i2g3kbbzxl-just-1.16.0"
        },
        "x86_64-linux": {
          "store_path": "/nix/store/fv9livr2vv8nr9mgr6g2lfyblh6pkwzj-just-1.16.0"
        }
      }
    },
    "poetry@latest": {
      "last_modified": "2023-11-15T19:29:39Z",
      "plugin_version": "0.0.3",
      "resolved": "github:NixOS/nixpkgs/61202fc8677a6e9e0a82eb6610eeef28852fc790#poetry",
      "source": "devbox-search",
      "version": "1.6.1",
      "systems": {
        "aarch64-darwin": {
          "store_path": "/nix/store/7i5h0pfkg3qv0b97dkhgq53i2bb2s4sw-python3.11-poetry-1.6.1"
        },
        "aarch64-linux": {
          "store_path": "/nix/store/12zqkx7h5gwi485np0fcg4n8lafxql7w-python3.11-poetry-1.6.1"
        },
        "x86_64-darwin": {
          "store_path": "/nix/store/2svxaq779cpmrsv7l487rb1q5lqdbg0j-python3.11-poetry-1.6.1"
        },
        "x86_64-linux": {
          "store_path": "/nix/store/r4avn3bnyfgmgpb30aj6skb4iglg9i9d-python3.11-poetry-1.6.1"
        }
      }
    },
    "python@3.12": {
      "last_modified": "2023-11-19T17:46:56Z",
      "plugin_version": "0.0.1",
      "resolved": "github:NixOS/nixpkgs/0bf3f5cf6a98b5d077cdcdb00a6d4b3d92bc78b5#python312",
      "source": "devbox-search",
      "version": "3.12.0",
      "systems": {
        "aarch64-darwin": {
          "store_path": "/nix/store/c3abs938k4b5k4m1n5icmp14b4gbpxp3-python3-3.12.0"
        },
        "aarch64-linux": {
          "store_path": "/nix/store/3vmqf1mjkyc8yazxn9byarx7ibp6zrsy-python3-3.12.0"
        },
        "x86_64-darwin": {
          "store_path": "/nix/store/1b2075gy0b5scpdyvyxy11cfa1x847d0-python3-3.12.0"
        },
        "x86_64-linux": {
          "store_path": "/nix/store/lqwbvvrl0x0f6rxbfm52jajvjlrb0jsx-python3-3.12.0"
        }
      }
    }
  }
}
